{
  "name": "mautic-trello",
  "version": "1.0.0",
  "lockfileVersion": 1,
  "requires": true,
  "dependencies": {
    "@openapitools/openapi-generator-cli": {
      "version": "0.0.19-4.1.2",
      "resolved": "https://registry.npmjs.org/@openapitools/openapi-generator-cli/-/openapi-generator-cli-0.0.19-4.1.2.tgz",
      "integrity": "sha512-Os5Xv/qKw/accUGadjcPIgbk63LKDJi9ts2gQJIWC1y0BuJxYVnoBLuEAujjIgB/zdDZODNrqllf+zlmmNg20w==",
      "dev": true
    }
  }
}
